{
  "nodes": {
    "agenix": {
      "inputs": {
        "darwin": "darwin",
        "home-manager": "home-manager",
        "nixpkgs": [
          "nixpkgs"
        ],
        "systems": "systems"
      },
      "locked": {
        "lastModified": 1770165109,
        "narHash": "sha256-9VnK6Oqai65puVJ4WYtCTvlJeXxMzAp/69HhQuTdl/I=",
        "owner": "ryantm",
        "repo": "agenix",
        "rev": "b027ee29d959fda4b60b57566d64c98a202e0feb",
        "type": "github"
      },
      "original": {
        "owner": "ryantm",
        "repo": "agenix",
        "type": "github"
      }
    },
    "darwin": {
      "inputs": {
        "nixpkgs": [
          "agenix",
          "nixpkgs"
        ]
      },
      "locked": {
        "lastModified": 1744478979,
        "narHash": "sha256-dyN+teG9G82G+m+PX/aSAagkC+vUv0SgUw3XkPhQodQ=",
        "owner": "lnl7",
        "repo": "nix-darwin",
        "rev": "43975d782b418ebf4969e9ccba82466728c2851b",
        "type": "github"
      },
      "original": {
        "owner": "lnl7",
        "ref": "master",
        "repo": "nix-darwin",
        "type": "github"
      }
    },
    "home-manager": {
      "inputs": {
        "nixpkgs": [
          "agenix",
          "nixpkgs"
        ]
      },
      "locked": {
        "lastModified": 1745494811,
        "narHash": "sha256-YZCh2o9Ua1n9uCvrvi5pRxtuVNml8X2a03qIFfRKpFs=",
        "owner": "nix-community",
        "repo": "home-manager",
        "rev": "abfad3d2958c9e6300a883bd443512c55dfeb1be",
        "type": "github"
      },
      "original": {
        "owner": "nix-community",
        "repo": "home-manager",
        "type": "github"
      }
    },
    "home-manager_2": {
      "inputs": {
        "nixpkgs": [
          "nixpkgs"
        ]
      },
      "locked": {
        "lastModified": 1780099287,
        "narHash": "sha256-efIPwVGtIWIjWcznhaop6XN6HxnOL8800hF6CBNvlqQ=",
        "owner": "nix-community",
        "repo": "home-manager",
        "rev": "7d8127d308c3fb9664f7e643eec944be74ebb37d",
        "type": "github"
      },
      "original": {
        "owner": "nix-community",
        "repo": "home-manager",
        "type": "github"
      }
    },
    "jurre-theme": {
      "inputs": {
        "nixpkgs": [
          "nixpkgs"
        ]
      },
      "locked": {
        "lastModified": 1790254157,
        "narHash": "sha256-xWwEPbq/RK/tuD3HpuOzFswUPVRO/2d3k++nvEDHCko=",
        "ref": "refs/heads/main",
        "rev": "504911f5fefa3bba5031c76fb3418fd750f02131",
        "revCount": 7,
        "type": "git",
        "url": "https://github.com/jurrebuunk/jurre-theme.git"
      },
      "original": {
        "type": "git",
        "url": "https://github.com/jurrebuunk/jurre-theme.git"
      }
    },
    "nix-index-database": {
      "inputs": {
        "nixpkgs": [
          "nixpkgs"
        ]
      },
      "locked": {
        "lastModified": 1780210899,
        "narHash": "sha256-4axz3OBPTKa6LIkXV8n0lc63MQU+et2CB5DGobEAi6k=",
        "owner": "nix-community",
        "repo": "nix-index-database",
        "rev": "97df9dc0b7c924344b793a15c1e8e4522ebb854e",
        "type": "github"
      },
      "original": {
        "owner": "nix-community",
        "repo": "nix-index-database",
        "type": "github"
      }
    },
    "nixpkgs": {
      "locked": {
        "lastModified": 1779560665,
        "narHash": "sha256-tpyBcxPpcQb8ukyNF7DoCwfSY3VPsxHoYwj00Cayv5o=",
        "owner": "nixos",
        "repo": "nixpkgs",
        "rev": "64c08a7ca051951c8eae34e3e3cb1e202fe36786",
        "type": "github"
      },
      "original": {
        "owner": "nixos",
        "ref": "nixos-unstable",
        "repo": "nixpkgs",
        "type": "github"
      }
    },
    "root": {
      "inputs": {
        "agenix": "agenix",
        "home-manager": "home-manager_2",
        "jurre-theme": "jurre-theme",
        "nix-index-database": "nix-index-database",
        "nixpkgs": "nixpkgs",
        "scroll-flake": "scroll-flake"
      }
    },
    "scroll-flake": {
      "inputs": {
        "nixpkgs": [
          "nixpkgs"
        ],
        "scroll-git": "scroll-git",
        "scroll-stable": "scroll-stable"
      },
      "locked": {
        "lastModified": 1780281465,
        "narHash": "sha256-6jIu2GKvU3WOpLyfDHs9UGt69NWsHmFBciUffxFx6oE=",
        "owner": "Diax170",
        "repo": "scroll-flake",
        "rev": "fe49064b7ebfc16c88cd3f3271fc6ee0b39facd1",
        "type": "github"
      },
      "original": {
        "owner": "Diax170",
        "repo": "scroll-flake",
        "type": "github"
      }
    },
    "scroll-git": {
      "flake": false,
      "locked": {
        "lastModified": 1780250254,
        "narHash": "sha256-VXSmWvWBF63eY1zjqrIEF+ZuGrZDMZMuANOYrudRw48=",
        "ref": "master",
        "rev": "433a3692a3b4dfc88e86c5bc92ad66a4c95432c5",
        "revCount": 8427,
        "type": "git",
        "url": "https://github.com/dawsers/scroll"
      },
      "original": {
        "ref": "master",
        "type": "git",
        "url": "https://github.com/dawsers/scroll"
      }
    },
    "scroll-stable": {
      "flake": false,
      "locked": {
        "lastModified": 1779743761,
        "narHash": "sha256-NbeQO+iVgpzD/R9TBhqG9T0eS/Hpn5FVqCg+upS5cSQ=",
        "ref": "refs/tags/1.12.15",
        "rev": "03cc80e83294913b7289dcc6607a406a2a5c67ac",
        "revCount": 8420,
        "type": "git",
        "url": "https://github.com/dawsers/scroll"
      },
      "original": {
        "ref": "refs/tags/1.12.15",
        "type": "git",
        "url": "https://github.com/dawsers/scroll"
      }
    },
    "systems": {
      "locked": {
        "lastModified": 1681028828,
        "narHash": "sha256-Vy1rq5AaRuLzOxct8nz4T6wlgyUR7zLU309k9mBC768=",
        "owner": "nix-systems",
        "repo": "default",
        "rev": "da67096a3b9bf56a91d16901293e51ba5b49a27e",
        "type": "github"
      },
      "original": {
        "owner": "nix-systems",
        "repo": "default",
        "type": "github"
      }
    }
  },
  "root": "root",
  "version": 7
}
